
Microsoft Visual Studio Solution File, Format Version 12.00
# Visual Studio Version 16
VisualStudioVersion = 16.0.30517.126
MinimumVisualStudioVersion = 10.0.40219.1
Project("{FAE04EC0-301F-11D3-BF4B-00C04F79EFBC}") = "Grimaldi.Leonardo.4J.SaveRecord", "Grimaldi.Leonardo.4J.SaveRecord\Grimaldi.Leonardo.4J.SaveRecord.csproj", "{628CFE31-0251-4E36-A85E-88D195154F07}"
EndProject
Global
	GlobalSection(SolutionConfigurationPlatforms) = preSolution
		Debug|Any CPU = Debug|Any CPU
		Release|Any CPU = Release|Any CPU
	EndGlobalSection
	GlobalSection(ProjectConfigurationPlatforms) = postSolution
		{628CFE31-0251-4E36-A85E-88D195154F07}.Debug|Any CPU.ActiveCfg = Debug|Any CPU
		{628CFE31-0251-4E36-A85E-88D195154F07}.Debug|Any CPU.Build.0 = Debug|Any CPU
		{628CFE31-0251-4E36-A85E-88D195154F07}.Release|Any CPU.ActiveCfg = Release|Any CPU
		{628CFE31-0251-4E36-A85E-88D195154F07}.Release|Any CPU.Build.0 = Release|Any CPU
	EndGlobalSection
	GlobalSection(SolutionProperties) = preSolution
		HideSolutionNode = FALSE
	EndGlobalSection
	GlobalSection(ExtensibilityGlobals) = postSolution
		SolutionGuid = {B49DECED-1B3A-4101-B80A-7FA18EE6A731}
	EndGlobalSection
EndGlobal
